
Microsoft Visual Studio Solution File, Format Version 12.00
# Visual Studio 15
VisualStudioVersion = 15.0.26430.6
MinimumVisualStudioVersion = 10.0.40219.1
Project("{FAE04EC0-301F-11D3-BF4B-00C04F79EFBC}") = "Plugin.Settings", "Plugin.Settings\Plugin.Settings.csproj", "{747706F4-ECBF-4D50-8D72-B0DDCC18395C}"
EndProject
Project("{FAE04EC0-301F-11D3-BF4B-00C04F79EFBC}") = "Plugin.Settings.Android", "Plugin.Settings.Android\Plugin.Settings.Android.csproj", "{91B25A78-62C8-41AA-8D22-DA326A5EA64D}"
EndProject
Project("{FAE04EC0-301F-11D3-BF4B-00C04F79EFBC}") = "Plugin.Settings.WindowsPhone", "Plugin.Settings.WindowsPhone\Plugin.Settings.WindowsPhone.csproj", "{DFC49539-6A6E-4AD5-AE04-500D65B30F20}"
EndProject
Project("{FAE04EC0-301F-11D3-BF4B-00C04F79EFBC}") = "Plugin.Settings.WindowsStore", "Plugin.Settings.WindowsStore\Plugin.Settings.WindowsStore.csproj", "{489617CC-3D48-4189-BAAE-06D08384F965}"
EndProject
Project("{FAE04EC0-301F-11D3-BF4B-00C04F79EFBC}") = "Plugin.Settings.Abstractions", "Plugin.Settings.Abstractions\Plugin.Settings.Abstractions.csproj", "{D12D6AFA-0696-4177-9C85-EC576277EF8E}"
EndProject
Project("{FAE04EC0-301F-11D3-BF4B-00C04F79EFBC}") = "Plugin.Settings.WindowsPhone81", "Plugin.Settings.WindowsPhone81\Plugin.Settings.WindowsPhone81.csproj", "{47E0D9FA-8A76-4F09-A238-F88D692477DA}"
EndProject
Project("{FAE04EC0-301F-11D3-BF4B-00C04F79EFBC}") = "Plugin.Settings.iOSUnified", "Plugin.Settings.iOSUnified\Plugin.Settings.iOSUnified.csproj", "{FCF19725-8C2F-44C5-AA52-513EE32469E2}"
EndProject
Project("{2150E333-8FDC-42A3-9474-1A3956D46DE8}") = "Solution Items", "Solution Items", "{3E1F951A-5B27-4BB7-8D11-0150C9B427A4}"
	ProjectSection(SolutionItems) = preProject
		..\appveyor.yml = ..\appveyor.yml
		..\build.cake = ..\build.cake
		..\component\component.template.yaml = ..\component\component.template.yaml
		..\nuget\Plugin.nuspec = ..\nuget\Plugin.nuspec
		..\README.md = ..\README.md
		..\nuget\readme.txt = ..\nuget\readme.txt
		..\files\Settings.cs.pp = ..\files\Settings.cs.pp
		..\files\SettingsPlatform.cs.pp = ..\files\SettingsPlatform.cs.pp
	EndProjectSection
EndProject
Project("{FAE04EC0-301F-11D3-BF4B-00C04F79EFBC}") = "Plugin.Settings.UWP", "Plugin.Settings.UWP\Plugin.Settings.UWP.csproj", "{C1B59CE7-B44B-4F31-B671-02E685ED036F}"
EndProject
Project("{FAE04EC0-301F-11D3-BF4B-00C04F79EFBC}") = "Plugin.Settings.Net45", "Plugin.Settings.Net45\Plugin.Settings.Net45.csproj", "{52E1406B-0FEA-4EA8-BE48-888BCC0884C7}"
EndProject
Project("{D954291E-2A0B-460D-934E-DC6B0785DB48}") = "Plugin.Settings.Shared", "Plugin.Settings.Shared\Plugin.Settings.Shared.shproj", "{4D6554FC-EBC4-4B1E-A6B9-E91A071DB69A}"
EndProject
Project("{FAE04EC0-301F-11D3-BF4B-00C04F79EFBC}") = "Plugin.Settings.macOS", "Plugin.Settings.macOS\Plugin.Settings.macOS.csproj", "{C9E2506E-7CC0-43B8-BCED-93C2F69920D1}"
EndProject
Project("{FAE04EC0-301F-11D3-BF4B-00C04F79EFBC}") = "Plugin.Settings.Tizen", "Plugin.Settings.Tizen\Plugin.Settings.Tizen.csproj", "{223822C3-BF89-4D3E-9B4B-832673BD7E3E}"
EndProject
Global
	GlobalSection(SharedMSBuildProjectFiles) = preSolution
		Plugin.Settings.Shared\Plugin.Settings.Shared.projitems*{223822c3-bf89-4d3e-9b4b-832673bd7e3e}*SharedItemsImports = 4
		Plugin.Settings.Shared\Plugin.Settings.Shared.projitems*{47e0d9fa-8a76-4f09-a238-f88d692477da}*SharedItemsImports = 4
		Plugin.Settings.Shared\Plugin.Settings.Shared.projitems*{489617cc-3d48-4189-baae-06d08384f965}*SharedItemsImports = 4
		Plugin.Settings.Shared\Plugin.Settings.Shared.projitems*{4d6554fc-ebc4-4b1e-a6b9-e91a071db69a}*SharedItemsImports = 13
		Plugin.Settings.Shared\Plugin.Settings.Shared.projitems*{52e1406b-0fea-4ea8-be48-888bcc0884c7}*SharedItemsImports = 4
		Plugin.Settings.Shared\Plugin.Settings.Shared.projitems*{747706f4-ecbf-4d50-8d72-b0ddcc18395c}*SharedItemsImports = 4
		Plugin.Settings.Shared\Plugin.Settings.Shared.projitems*{91b25a78-62c8-41aa-8d22-da326a5ea64d}*SharedItemsImports = 4
		Plugin.Settings.Shared\Plugin.Settings.Shared.projitems*{c1b59ce7-b44b-4f31-b671-02e685ed036f}*SharedItemsImports = 4
		Plugin.Settings.Shared\Plugin.Settings.Shared.projitems*{c9e2506e-7cc0-43b8-bced-93c2f69920d1}*SharedItemsImports = 4
		Plugin.Settings.Shared\Plugin.Settings.Shared.projitems*{dfc49539-6a6e-4ad5-ae04-500d65b30f20}*SharedItemsImports = 4
		Plugin.Settings.Shared\Plugin.Settings.Shared.projitems*{fcf19725-8c2f-44c5-aa52-513ee32469e2}*SharedItemsImports = 4
	EndGlobalSection
	GlobalSection(SolutionConfigurationPlatforms) = preSolution
		Ad-Hoc|Any CPU = Ad-Hoc|Any CPU
		Ad-Hoc|ARM = Ad-Hoc|ARM
		Ad-Hoc|iPhone = Ad-Hoc|iPhone
		Ad-Hoc|iPhoneSimulator = Ad-Hoc|iPhoneSimulator
		Ad-Hoc|Mixed Platforms = Ad-Hoc|Mixed Platforms
		Ad-Hoc|x64 = Ad-Hoc|x64
		Ad-Hoc|x86 = Ad-Hoc|x86
		AppStore|Any CPU = AppStore|Any CPU
		AppStore|ARM = AppStore|ARM
		AppStore|iPhone = AppStore|iPhone
		AppStore|iPhoneSimulator = AppStore|iPhoneSimulator
		AppStore|Mixed Platforms = AppStore|Mixed Platforms
		AppStore|x64 = AppStore|x64
		AppStore|x86 = AppStore|x86
		Debug|Any CPU = Debug|Any CPU
		Debug|ARM = Debug|ARM
		Debug|iPhone = Debug|iPhone
		Debug|iPhoneSimulator = Debug|iPhoneSimulator
		Debug|Mixed Platforms = Debug|Mixed Platforms
		Debug|x64 = Debug|x64
		Debug|x86 = Debug|x86
		Release|Any CPU = Release|Any CPU
		Release|ARM = Release|ARM
		Release|iPhone = Release|iPhone
		Release|iPhoneSimulator = Release|iPhoneSimulator
		Release|Mixed Platforms = Release|Mixed Platforms
		Release|x64 = Release|x64
		Release|x86 = Release|x86
	EndGlobalSection
	GlobalSection(ProjectConfigurationPlatforms) = postSolution
		{747706F4-ECBF-4D50-8D72-B0DDCC18395C}.Ad-Hoc|Any CPU.ActiveCfg = Release|Any CPU
		{747706F4-ECBF-4D50-8D72-B0DDCC18395C}.Ad-Hoc|Any CPU.Build.0 = Release|Any CPU
		{747706F4-ECBF-4D50-8D72-B0DDCC18395C}.Ad-Hoc|ARM.ActiveCfg = Release|Any CPU
		{747706F4-ECBF-4D50-8D72-B0DDCC18395C}.Ad-Hoc|iPhone.ActiveCfg = Release|Any CPU
		{747706F4-ECBF-4D50-8D72-B0DDCC18395C}.Ad-Hoc|iPhoneSimulator.ActiveCfg = Release|Any CPU
		{747706F4-ECBF-4D50-8D72-B0DDCC18395C}.Ad-Hoc|Mixed Platforms.ActiveCfg = Release|Any CPU
		{747706F4-ECBF-4D50-8D72-B0DDCC18395C}.Ad-Hoc|Mixed Platforms.Build.0 = Release|Any CPU
		{747706F4-ECBF-4D50-8D72-B0DDCC18395C}.Ad-Hoc|x64.ActiveCfg = Release|Any CPU
		{747706F4-ECBF-4D50-8D72-B0DDCC18395C}.Ad-Hoc|x86.ActiveCfg = Release|Any CPU
		{747706F4-ECBF-4D50-8D72-B0DDCC18395C}.AppStore|Any CPU.ActiveCfg = Release|Any CPU
		{747706F4-ECBF-4D50-8D72-B0DDCC18395C}.AppStore|Any CPU.Build.0 = Release|Any CPU
		{747706F4-ECBF-4D50-8D72-B0DDCC18395C}.AppStore|ARM.ActiveCfg = Release|Any CPU
		{747706F4-ECBF-4D50-8D72-B0DDCC18395C}.AppStore|iPhone.ActiveCfg = Release|Any CPU
		{747706F4-ECBF-4D50-8D72-B0DDCC18395C}.AppStore|iPhoneSimulator.ActiveCfg = Release|Any CPU
		{747706F4-ECBF-4D50-8D72-B0DDCC18395C}.AppStore|Mixed Platforms.ActiveCfg = Release|Any CPU
		{747706F4-ECBF-4D50-8D72-B0DDCC18395C}.AppStore|Mixed Platforms.Build.0 = Release|Any CPU
		{747706F4-ECBF-4D50-8D72-B0DDCC18395C}.AppStore|x64.ActiveCfg = Release|Any CPU
		{747706F4-ECBF-4D50-8D72-B0DDCC18395C}.AppStore|x86.ActiveCfg = Release|Any CPU
		{747706F4-ECBF-4D50-8D72-B0DDCC18395C}.Debug|Any CPU.ActiveCfg = Debug|Any CPU
		{747706F4-ECBF-4D50-8D72-B0DDCC18395C}.Debug|Any CPU.Build.0 = Debug|Any CPU
		{747706F4-ECBF-4D50-8D72-B0DDCC18395C}.Debug|ARM.ActiveCfg = Debug|Any CPU
		{747706F4-ECBF-4D50-8D72-B0DDCC18395C}.Debug|iPhone.ActiveCfg = Debug|Any CPU
		{747706F4-ECBF-4D50-8D72-B0DDCC18395C}.Debug|iPhone.Build.0 = Debug|Any CPU
		{747706F4-ECBF-4D50-8D72-B0DDCC18395C}.Debug|iPhoneSimulator.ActiveCfg = Debug|Any CPU
		{747706F4-ECBF-4D50-8D72-B0DDCC18395C}.Debug|Mixed Platforms.ActiveCfg = Debug|Any CPU
		{747706F4-ECBF-4D50-8D72-B0DDCC18395C}.Debug|Mixed Platforms.Build.0 = Debug|Any CPU
		{747706F4-ECBF-4D50-8D72-B0DDCC18395C}.Debug|x64.ActiveCfg = Debug|Any CPU
		{747706F4-ECBF-4D50-8D72-B0DDCC18395C}.Debug|x86.ActiveCfg = Debug|Any CPU
		{747706F4-ECBF-4D50-8D72-B0DDCC18395C}.Release|Any CPU.ActiveCfg = Release|Any CPU
		{747706F4-ECBF-4D50-8D72-B0DDCC18395C}.Release|Any CPU.Build.0 = Release|Any CPU
		{747706F4-ECBF-4D50-8D72-B0DDCC18395C}.Release|ARM.ActiveCfg = Release|Any CPU
		{747706F4-ECBF-4D50-8D72-B0DDCC18395C}.Release|iPhone.ActiveCfg = Release|Any CPU
		{747706F4-ECBF-4D50-8D72-B0DDCC18395C}.Release|iPhoneSimulator.ActiveCfg = Release|Any CPU
		{747706F4-ECBF-4D50-8D72-B0DDCC18395C}.Release|iPhoneSimulator.Build.0 = Release|Any CPU
		{747706F4-ECBF-4D50-8D72-B0DDCC18395C}.Release|Mixed Platforms.ActiveCfg = Release|Any CPU
		{747706F4-ECBF-4D50-8D72-B0DDCC18395C}.Release|Mixed Platforms.Build.0 = Release|Any CPU
		{747706F4-ECBF-4D50-8D72-B0DDCC18395C}.Release|x64.ActiveCfg = Release|Any CPU
		{747706F4-ECBF-4D50-8D72-B0DDCC18395C}.Release|x86.ActiveCfg = Release|Any CPU
		{91B25A78-62C8-41AA-8D22-DA326A5EA64D}.Ad-Hoc|Any CPU.ActiveCfg = Release|Any CPU
		{91B25A78-62C8-41AA-8D22-DA326A5EA64D}.Ad-Hoc|Any CPU.Build.0 = Release|Any CPU
		{91B25A78-62C8-41AA-8D22-DA326A5EA64D}.Ad-Hoc|ARM.ActiveCfg = Release|Any CPU
		{91B25A78-62C8-41AA-8D22-DA326A5EA64D}.Ad-Hoc|iPhone.ActiveCfg = Release|Any CPU
		{91B25A78-62C8-41AA-8D22-DA326A5EA64D}.Ad-Hoc|iPhoneSimulator.ActiveCfg = Release|Any CPU
		{91B25A78-62C8-41AA-8D22-DA326A5EA64D}.Ad-Hoc|Mixed Platforms.ActiveCfg = Release|Any CPU
		{91B25A78-62C8-41AA-8D22-DA326A5EA64D}.Ad-Hoc|Mixed Platforms.Build.0 = Release|Any CPU
		{91B25A78-62C8-41AA-8D22-DA326A5EA64D}.Ad-Hoc|x64.ActiveCfg = Release|Any CPU
		{91B25A78-62C8-41AA-8D22-DA326A5EA64D}.Ad-Hoc|x86.ActiveCfg = Release|Any CPU
		{91B25A78-62C8-41AA-8D22-DA326A5EA64D}.AppStore|Any CPU.ActiveCfg = Release|Any CPU
		{91B25A78-62C8-41AA-8D22-DA326A5EA64D}.AppStore|Any CPU.Build.0 = Release|Any CPU
		{91B25A78-62C8-41AA-8D22-DA326A5EA64D}.AppStore|ARM.ActiveCfg = Release|Any CPU
		{91B25A78-62C8-41AA-8D22-DA326A5EA64D}.AppStore|iPhone.ActiveCfg = Release|Any CPU
		{91B25A78-62C8-41AA-8D22-DA326A5EA64D}.AppStore|iPhoneSimulator.ActiveCfg = Release|Any CPU
		{91B25A78-62C8-41AA-8D22-DA326A5EA64D}.AppStore|Mixed Platforms.ActiveCfg = Release|Any CPU
		{91B25A78-62C8-41AA-8D22-DA326A5EA64D}.AppStore|Mixed Platforms.Build.0 = Release|Any CPU
		{91B25A78-62C8-41AA-8D22-DA326A5EA64D}.AppStore|x64.ActiveCfg = Release|Any CPU
		{91B25A78-62C8-41AA-8D22-DA326A5EA64D}.AppStore|x86.ActiveCfg = Release|Any CPU
		{91B25A78-62C8-41AA-8D22-DA326A5EA64D}.Debug|Any CPU.ActiveCfg = Debug|Any CPU
		{91B25A78-62C8-41AA-8D22-DA326A5EA64D}.Debug|Any CPU.Build.0 = Debug|Any CPU
		{91B25A78-62C8-41AA-8D22-DA326A5EA64D}.Debug|ARM.ActiveCfg = Debug|Any CPU
		{91B25A78-62C8-41AA-8D22-DA326A5EA64D}.Debug|iPhone.ActiveCfg = Debug|Any CPU
		{91B25A78-62C8-41AA-8D22-DA326A5EA64D}.Debug|iPhoneSimulator.ActiveCfg = Debug|Any CPU
		{91B25A78-62C8-41AA-8D22-DA326A5EA64D}.Debug|Mixed Platforms.ActiveCfg = Debug|Any CPU
		{91B25A78-62C8-41AA-8D22-DA326A5EA64D}.Debug|Mixed Platforms.Build.0 = Debug|Any CPU
		{91B25A78-62C8-41AA-8D22-DA326A5EA64D}.Debug|x64.ActiveCfg = Debug|Any CPU
		{91B25A78-62C8-41AA-8D22-DA326A5EA64D}.Debug|x86.ActiveCfg = Debug|Any CPU
		{91B25A78-62C8-41AA-8D22-DA326A5EA64D}.Release|Any CPU.ActiveCfg = Release|Any CPU
		{91B25A78-62C8-41AA-8D22-DA326A5EA64D}.Release|Any CPU.Build.0 = Release|Any CPU
		{91B25A78-62C8-41AA-8D22-DA326A5EA64D}.Release|ARM.ActiveCfg = Release|Any CPU
		{91B25A78-62C8-41AA-8D22-DA326A5EA64D}.Release|iPhone.ActiveCfg = Release|Any CPU
		{91B25A78-62C8-41AA-8D22-DA326A5EA64D}.Release|iPhoneSimulator.ActiveCfg = Release|Any CPU
		{91B25A78-62C8-41AA-8D22-DA326A5EA64D}.Release|iPhoneSimulator.Build.0 = Release|Any CPU
		{91B25A78-62C8-41AA-8D22-DA326A5EA64D}.Release|Mixed Platforms.ActiveCfg = Release|Any CPU
		{91B25A78-62C8-41AA-8D22-DA326A5EA64D}.Release|Mixed Platforms.Build.0 = Release|Any CPU
		{91B25A78-62C8-41AA-8D22-DA326A5EA64D}.Release|x64.ActiveCfg = Release|Any CPU
		{91B25A78-62C8-41AA-8D22-DA326A5EA64D}.Release|x86.ActiveCfg = Release|Any CPU
		{DFC49539-6A6E-4AD5-AE04-500D65B30F20}.Ad-Hoc|Any CPU.ActiveCfg = Release|Any CPU
		{DFC49539-6A6E-4AD5-AE04-500D65B30F20}.Ad-Hoc|Any CPU.Build.0 = Release|Any CPU
		{DFC49539-6A6E-4AD5-AE04-500D65B30F20}.Ad-Hoc|ARM.ActiveCfg = Release|Any CPU
		{DFC49539-6A6E-4AD5-AE04-500D65B30F20}.Ad-Hoc|iPhone.ActiveCfg = Release|Any CPU
		{DFC49539-6A6E-4AD5-AE04-500D65B30F20}.Ad-Hoc|iPhoneSimulator.ActiveCfg = Release|Any CPU
		{DFC49539-6A6E-4AD5-AE04-500D65B30F20}.Ad-Hoc|Mixed Platforms.ActiveCfg = Release|Any CPU
		{DFC49539-6A6E-4AD5-AE04-500D65B30F20}.Ad-Hoc|Mixed Platforms.Build.0 = Release|Any CPU
		{DFC49539-6A6E-4AD5-AE04-500D65B30F20}.Ad-Hoc|x64.ActiveCfg = Release|Any CPU
		{DFC49539-6A6E-4AD5-AE04-500D65B30F20}.Ad-Hoc|x86.ActiveCfg = Release|Any CPU
		{DFC49539-6A6E-4AD5-AE04-500D65B30F20}.AppStore|Any CPU.ActiveCfg = Release|Any CPU
		{DFC49539-6A6E-4AD5-AE04-500D65B30F20}.AppStore|Any CPU.Build.0 = Release|Any CPU
		{DFC49539-6A6E-4AD5-AE04-500D65B30F20}.AppStore|ARM.ActiveCfg = Release|Any CPU
		{DFC49539-6A6E-4AD5-AE04-500D65B30F20}.AppStore|iPhone.ActiveCfg = Release|Any CPU
		{DFC49539-6A6E-4AD5-AE04-500D65B30F20}.AppStore|iPhoneSimulator.ActiveCfg = Release|Any CPU
		{DFC49539-6A6E-4AD5-AE04-500D65B30F20}.AppStore|Mixed Platforms.ActiveCfg = Release|Any CPU
		{DFC49539-6A6E-4AD5-AE04-500D65B30F20}.AppStore|Mixed Platforms.Build.0 = Release|Any CPU
		{DFC49539-6A6E-4AD5-AE04-500D65B30F20}.AppStore|x64.ActiveCfg = Release|Any CPU
		{DFC49539-6A6E-4AD5-AE04-500D65B30F20}.AppStore|x86.ActiveCfg = Release|Any CPU
		{DFC49539-6A6E-4AD5-AE04-500D65B30F20}.Debug|Any CPU.ActiveCfg = Debug|Any CPU
		{DFC49539-6A6E-4AD5-AE04-500D65B30F20}.Debug|Any CPU.Build.0 = Debug|Any CPU
		{DFC49539-6A6E-4AD5-AE04-500D65B30F20}.Debug|ARM.ActiveCfg = Debug|Any CPU
		{DFC49539-6A6E-4AD5-AE04-500D65B30F20}.Debug|iPhone.ActiveCfg = Debug|Any CPU
		{DFC49539-6A6E-4AD5-AE04-500D65B30F20}.Debug|iPhoneSimulator.ActiveCfg = Debug|Any CPU
		{DFC49539-6A6E-4AD5-AE04-500D65B30F20}.Debug|Mixed Platforms.ActiveCfg = Debug|Any CPU
		{DFC49539-6A6E-4AD5-AE04-500D65B30F20}.Debug|Mixed Platforms.Build.0 = Debug|Any CPU
		{DFC49539-6A6E-4AD5-AE04-500D65B30F20}.Debug|x64.ActiveCfg = Debug|Any CPU
		{DFC49539-6A6E-4AD5-AE04-500D65B30F20}.Debug|x86.ActiveCfg = Debug|Any CPU
		{DFC49539-6A6E-4AD5-AE04-500D65B30F20}.Release|Any CPU.ActiveCfg = Release|Any CPU
		{DFC49539-6A6E-4AD5-AE04-500D65B30F20}.Release|Any CPU.Build.0 = Release|Any CPU
		{DFC49539-6A6E-4AD5-AE04-500D65B30F20}.Release|ARM.ActiveCfg = Release|Any CPU
		{DFC49539-6A6E-4AD5-AE04-500D65B30F20}.Release|iPhone.ActiveCfg = Release|Any CPU
		{DFC49539-6A6E-4AD5-AE04-500D65B30F20}.Release|iPhoneSimulator.ActiveCfg = Release|Any CPU
		{DFC49539-6A6E-4AD5-AE04-500D65B30F20}.Release|iPhoneSimulator.Build.0 = Release|Any CPU
		{DFC49539-6A6E-4AD5-AE04-500D65B30F20}.Release|Mixed Platforms.ActiveCfg = Release|Any CPU
		{DFC49539-6A6E-4AD5-AE04-500D65B30F20}.Release|Mixed Platforms.Build.0 = Release|Any CPU
		{DFC49539-6A6E-4AD5-AE04-500D65B30F20}.Release|x64.ActiveCfg = Release|Any CPU
		{DFC49539-6A6E-4AD5-AE04-500D65B30F20}.Release|x86.ActiveCfg = Release|Any CPU
		{489617CC-3D48-4189-BAAE-06D08384F965}.Ad-Hoc|Any CPU.ActiveCfg = Release|Any CPU
		{489617CC-3D48-4189-BAAE-06D08384F965}.Ad-Hoc|Any CPU.Build.0 = Release|Any CPU
		{489617CC-3D48-4189-BAAE-06D08384F965}.Ad-Hoc|ARM.ActiveCfg = Release|ARM
		{489617CC-3D48-4189-BAAE-06D08384F965}.Ad-Hoc|ARM.Build.0 = Release|ARM
		{489617CC-3D48-4189-BAAE-06D08384F965}.Ad-Hoc|iPhone.ActiveCfg = Release|Any CPU
		{489617CC-3D48-4189-BAAE-06D08384F965}.Ad-Hoc|iPhoneSimulator.ActiveCfg = Release|Any CPU
		{489617CC-3D48-4189-BAAE-06D08384F965}.Ad-Hoc|Mixed Platforms.ActiveCfg = Release|x86
		{489617CC-3D48-4189-BAAE-06D08384F965}.Ad-Hoc|Mixed Platforms.Build.0 = Release|x86
		{489617CC-3D48-4189-BAAE-06D08384F965}.Ad-Hoc|x64.ActiveCfg = Release|x64
		{489617CC-3D48-4189-BAAE-06D08384F965}.Ad-Hoc|x64.Build.0 = Release|x64
		{489617CC-3D48-4189-BAAE-06D08384F965}.Ad-Hoc|x86.ActiveCfg = Release|x86
		{489617CC-3D48-4189-BAAE-06D08384F965}.Ad-Hoc|x86.Build.0 = Release|x86
		{489617CC-3D48-4189-BAAE-06D08384F965}.AppStore|Any CPU.ActiveCfg = Release|Any CPU
		{489617CC-3D48-4189-BAAE-06D08384F965}.AppStore|Any CPU.Build.0 = Release|Any CPU
		{489617CC-3D48-4189-BAAE-06D08384F965}.AppStore|ARM.ActiveCfg = Release|ARM
		{489617CC-3D48-4189-BAAE-06D08384F965}.AppStore|ARM.Build.0 = Release|ARM
		{489617CC-3D48-4189-BAAE-06D08384F965}.AppStore|iPhone.ActiveCfg = Release|Any CPU
		{489617CC-3D48-4189-BAAE-06D08384F965}.AppStore|iPhoneSimulator.ActiveCfg = Release|Any CPU
		{489617CC-3D48-4189-BAAE-06D08384F965}.AppStore|Mixed Platforms.ActiveCfg = Release|x86
		{489617CC-3D48-4189-BAAE-06D08384F965}.AppStore|Mixed Platforms.Build.0 = Release|x86
		{489617CC-3D48-4189-BAAE-06D08384F965}.AppStore|x64.ActiveCfg = Release|x64
		{489617CC-3D48-4189-BAAE-06D08384F965}.AppStore|x64.Build.0 = Release|x64
		{489617CC-3D48-4189-BAAE-06D08384F965}.AppStore|x86.ActiveCfg = Release|x86
		{489617CC-3D48-4189-BAAE-06D08384F965}.AppStore|x86.Build.0 = Release|x86
		{489617CC-3D48-4189-BAAE-06D08384F965}.Debug|Any CPU.ActiveCfg = Debug|Any CPU
		{489617CC-3D48-4189-BAAE-06D08384F965}.Debug|Any CPU.Build.0 = Debug|Any CPU
		{489617CC-3D48-4189-BAAE-06D08384F965}.Debug|ARM.ActiveCfg = Debug|ARM
		{489617CC-3D48-4189-BAAE-06D08384F965}.Debug|ARM.Build.0 = Debug|ARM
		{489617CC-3D48-4189-BAAE-06D08384F965}.Debug|iPhone.ActiveCfg = Debug|Any CPU
		{489617CC-3D48-4189-BAAE-06D08384F965}.Debug|iPhoneSimulator.ActiveCfg = Debug|Any CPU
		{489617CC-3D48-4189-BAAE-06D08384F965}.Debug|Mixed Platforms.ActiveCfg = Debug|x86
		{489617CC-3D48-4189-BAAE-06D08384F965}.Debug|Mixed Platforms.Build.0 = Debug|x86
		{489617CC-3D48-4189-BAAE-06D08384F965}.Debug|x64.ActiveCfg = Debug|x64
		{489617CC-3D48-4189-BAAE-06D08384F965}.Debug|x64.Build.0 = Debug|x64
		{489617CC-3D48-4189-BAAE-06D08384F965}.Debug|x86.ActiveCfg = Debug|x86
		{489617CC-3D48-4189-BAAE-06D08384F965}.Debug|x86.Build.0 = Debug|x86
		{489617CC-3D48-4189-BAAE-06D08384F965}.Release|Any CPU.ActiveCfg = Release|Any CPU
		{489617CC-3D48-4189-BAAE-06D08384F965}.Release|Any CPU.Build.0 = Release|Any CPU
		{489617CC-3D48-4189-BAAE-06D08384F965}.Release|ARM.ActiveCfg = Release|ARM
		{489617CC-3D48-4189-BAAE-06D08384F965}.Release|ARM.Build.0 = Release|ARM
		{489617CC-3D48-4189-BAAE-06D08384F965}.Release|iPhone.ActiveCfg = Release|Any CPU
		{489617CC-3D48-4189-BAAE-06D08384F965}.Release|iPhoneSimulator.ActiveCfg = Release|Any CPU
		{489617CC-3D48-4189-BAAE-06D08384F965}.Release|iPhoneSimulator.Build.0 = Release|Any CPU
		{489617CC-3D48-4189-BAAE-06D08384F965}.Release|Mixed Platforms.ActiveCfg = Release|x86
		{489617CC-3D48-4189-BAAE-06D08384F965}.Release|Mixed Platforms.Build.0 = Release|x86
		{489617CC-3D48-4189-BAAE-06D08384F965}.Release|x64.ActiveCfg = Release|x64
		{489617CC-3D48-4189-BAAE-06D08384F965}.Release|x64.Build.0 = Release|x64
		{489617CC-3D48-4189-BAAE-06D08384F965}.Release|x86.ActiveCfg = Release|x86
		{489617CC-3D48-4189-BAAE-06D08384F965}.Release|x86.Build.0 = Release|x86
		{D12D6AFA-0696-4177-9C85-EC576277EF8E}.Ad-Hoc|Any CPU.ActiveCfg = Release|Any CPU
		{D12D6AFA-0696-4177-9C85-EC576277EF8E}.Ad-Hoc|Any CPU.Build.0 = Release|Any CPU
		{D12D6AFA-0696-4177-9C85-EC576277EF8E}.Ad-Hoc|ARM.ActiveCfg = Release|Any CPU
		{D12D6AFA-0696-4177-9C85-EC576277EF8E}.Ad-Hoc|iPhone.ActiveCfg = Release|Any CPU
		{D12D6AFA-0696-4177-9C85-EC576277EF8E}.Ad-Hoc|iPhoneSimulator.ActiveCfg = Release|Any CPU
		{D12D6AFA-0696-4177-9C85-EC576277EF8E}.Ad-Hoc|Mixed Platforms.ActiveCfg = Release|Any CPU
		{D12D6AFA-0696-4177-9C85-EC576277EF8E}.Ad-Hoc|Mixed Platforms.Build.0 = Release|Any CPU
		{D12D6AFA-0696-4177-9C85-EC576277EF8E}.Ad-Hoc|x64.ActiveCfg = Release|Any CPU
		{D12D6AFA-0696-4177-9C85-EC576277EF8E}.Ad-Hoc|x86.ActiveCfg = Release|Any CPU
		{D12D6AFA-0696-4177-9C85-EC576277EF8E}.AppStore|Any CPU.ActiveCfg = Release|Any CPU
		{D12D6AFA-0696-4177-9C85-EC576277EF8E}.AppStore|Any CPU.Build.0 = Release|Any CPU
		{D12D6AFA-0696-4177-9C85-EC576277EF8E}.AppStore|ARM.ActiveCfg = Release|Any CPU
		{D12D6AFA-0696-4177-9C85-EC576277EF8E}.AppStore|iPhone.ActiveCfg = Release|Any CPU
		{D12D6AFA-0696-4177-9C85-EC576277EF8E}.AppStore|iPhoneSimulator.ActiveCfg = Release|Any CPU
		{D12D6AFA-0696-4177-9C85-EC576277EF8E}.AppStore|Mixed Platforms.ActiveCfg = Release|Any CPU
		{D12D6AFA-0696-4177-9C85-EC576277EF8E}.AppStore|Mixed Platforms.Build.0 = Release|Any CPU
		{D12D6AFA-0696-4177-9C85-EC576277EF8E}.AppStore|x64.ActiveCfg = Release|Any CPU
		{D12D6AFA-0696-4177-9C85-EC576277EF8E}.AppStore|x86.ActiveCfg = Release|Any CPU
		{D12D6AFA-0696-4177-9C85-EC576277EF8E}.Debug|Any CPU.ActiveCfg = Debug|Any CPU
		{D12D6AFA-0696-4177-9C85-EC576277EF8E}.Debug|Any CPU.Build.0 = Debug|Any CPU
		{D12D6AFA-0696-4177-9C85-EC576277EF8E}.Debug|ARM.ActiveCfg = Debug|Any CPU
		{D12D6AFA-0696-4177-9C85-EC576277EF8E}.Debug|iPhone.ActiveCfg = Debug|Any CPU
		{D12D6AFA-0696-4177-9C85-EC576277EF8E}.Debug|iPhone.Build.0 = Debug|Any CPU
		{D12D6AFA-0696-4177-9C85-EC576277EF8E}.Debug|iPhoneSimulator.ActiveCfg = Debug|Any CPU
		{D12D6AFA-0696-4177-9C85-EC576277EF8E}.Debug|Mixed Platforms.ActiveCfg = Debug|Any CPU
		{D12D6AFA-0696-4177-9C85-EC576277EF8E}.Debug|Mixed Platforms.Build.0 = Debug|Any CPU
		{D12D6AFA-0696-4177-9C85-EC576277EF8E}.Debug|x64.ActiveCfg = Debug|Any CPU
		{D12D6AFA-0696-4177-9C85-EC576277EF8E}.Debug|x86.ActiveCfg = Debug|Any CPU
		{D12D6AFA-0696-4177-9C85-EC576277EF8E}.Release|Any CPU.ActiveCfg = Release|Any CPU
		{D12D6AFA-0696-4177-9C85-EC576277EF8E}.Release|Any CPU.Build.0 = Release|Any CPU
		{D12D6AFA-0696-4177-9C85-EC576277EF8E}.Release|ARM.ActiveCfg = Release|Any CPU
		{D12D6AFA-0696-4177-9C85-EC576277EF8E}.Release|iPhone.ActiveCfg = Release|Any CPU
		{D12D6AFA-0696-4177-9C85-EC576277EF8E}.Release|iPhoneSimulator.ActiveCfg = Release|Any CPU
		{D12D6AFA-0696-4177-9C85-EC576277EF8E}.Release|iPhoneSimulator.Build.0 = Release|Any CPU
		{D12D6AFA-0696-4177-9C85-EC576277EF8E}.Release|Mixed Platforms.ActiveCfg = Release|Any CPU
		{D12D6AFA-0696-4177-9C85-EC576277EF8E}.Release|Mixed Platforms.Build.0 = Release|Any CPU
		{D12D6AFA-0696-4177-9C85-EC576277EF8E}.Release|x64.ActiveCfg = Release|Any CPU
		{D12D6AFA-0696-4177-9C85-EC576277EF8E}.Release|x86.ActiveCfg = Release|Any CPU
		{47E0D9FA-8A76-4F09-A238-F88D692477DA}.Ad-Hoc|Any CPU.ActiveCfg = Release|Any CPU
		{47E0D9FA-8A76-4F09-A238-F88D692477DA}.Ad-Hoc|Any CPU.Build.0 = Release|Any CPU
		{47E0D9FA-8A76-4F09-A238-F88D692477DA}.Ad-Hoc|ARM.ActiveCfg = Release|ARM
		{47E0D9FA-8A76-4F09-A238-F88D692477DA}.Ad-Hoc|ARM.Build.0 = Release|ARM
		{47E0D9FA-8A76-4F09-A238-F88D692477DA}.Ad-Hoc|iPhone.ActiveCfg = Release|Any CPU
		{47E0D9FA-8A76-4F09-A238-F88D692477DA}.Ad-Hoc|iPhoneSimulator.ActiveCfg = Release|Any CPU
		{47E0D9FA-8A76-4F09-A238-F88D692477DA}.Ad-Hoc|Mixed Platforms.ActiveCfg = Release|x86
		{47E0D9FA-8A76-4F09-A238-F88D692477DA}.Ad-Hoc|Mixed Platforms.Build.0 = Release|x86
		{47E0D9FA-8A76-4F09-A238-F88D692477DA}.Ad-Hoc|x64.ActiveCfg = Release|Any CPU
		{47E0D9FA-8A76-4F09-A238-F88D692477DA}.Ad-Hoc|x86.ActiveCfg = Release|x86
		{47E0D9FA-8A76-4F09-A238-F88D692477DA}.Ad-Hoc|x86.Build.0 = Release|x86
		{47E0D9FA-8A76-4F09-A238-F88D692477DA}.AppStore|Any CPU.ActiveCfg = Release|Any CPU
		{47E0D9FA-8A76-4F09-A238-F88D692477DA}.AppStore|Any CPU.Build.0 = Release|Any CPU
		{47E0D9FA-8A76-4F09-A238-F88D692477DA}.AppStore|ARM.ActiveCfg = Release|ARM
		{47E0D9FA-8A76-4F09-A238-F88D692477DA}.AppStore|ARM.Build.0 = Release|ARM
		{47E0D9FA-8A76-4F09-A238-F88D692477DA}.AppStore|iPhone.ActiveCfg = Release|Any CPU
		{47E0D9FA-8A76-4F09-A238-F88D692477DA}.AppStore|iPhoneSimulator.ActiveCfg = Release|Any CPU
		{47E0D9FA-8A76-4F09-A238-F88D692477DA}.AppStore|Mixed Platforms.ActiveCfg = Release|x86
		{47E0D9FA-8A76-4F09-A238-F88D692477DA}.AppStore|Mixed Platforms.Build.0 = Release|x86
		{47E0D9FA-8A76-4F09-A238-F88D692477DA}.AppStore|x64.ActiveCfg = Release|Any CPU
		{47E0D9FA-8A76-4F09-A238-F88D692477DA}.AppStore|x86.ActiveCfg = Release|x86
		{47E0D9FA-8A76-4F09-A238-F88D692477DA}.AppStore|x86.Build.0 = Release|x86
		{47E0D9FA-8A76-4F09-A238-F88D692477DA}.Debug|Any CPU.ActiveCfg = Debug|Any CPU
		{47E0D9FA-8A76-4F09-A238-F88D692477DA}.Debug|Any CPU.Build.0 = Debug|Any CPU
		{47E0D9FA-8A76-4F09-A238-F88D692477DA}.Debug|ARM.ActiveCfg = Debug|ARM
		{47E0D9FA-8A76-4F09-A238-F88D692477DA}.Debug|ARM.Build.0 = Debug|ARM
		{47E0D9FA-8A76-4F09-A238-F88D692477DA}.Debug|iPhone.ActiveCfg = Debug|Any CPU
		{47E0D9FA-8A76-4F09-A238-F88D692477DA}.Debug|iPhoneSimulator.ActiveCfg = Debug|Any CPU
		{47E0D9FA-8A76-4F09-A238-F88D692477DA}.Debug|Mixed Platforms.ActiveCfg = Debug|x86
		{47E0D9FA-8A76-4F09-A238-F88D692477DA}.Debug|Mixed Platforms.Build.0 = Debug|x86
		{47E0D9FA-8A76-4F09-A238-F88D692477DA}.Debug|x64.ActiveCfg = Debug|Any CPU
		{47E0D9FA-8A76-4F09-A238-F88D692477DA}.Debug|x86.ActiveCfg = Debug|x86
		{47E0D9FA-8A76-4F09-A238-F88D692477DA}.Debug|x86.Build.0 = Debug|x86
		{47E0D9FA-8A76-4F09-A238-F88D692477DA}.Release|Any CPU.ActiveCfg = Release|Any CPU
		{47E0D9FA-8A76-4F09-A238-F88D692477DA}.Release|Any CPU.Build.0 = Release|Any CPU
		{47E0D9FA-8A76-4F09-A238-F88D692477DA}.Release|ARM.ActiveCfg = Release|ARM
		{47E0D9FA-8A76-4F09-A238-F88D692477DA}.Release|ARM.Build.0 = Release|ARM
		{47E0D9FA-8A76-4F09-A238-F88D692477DA}.Release|iPhone.ActiveCfg = Release|Any CPU
		{47E0D9FA-8A76-4F09-A238-F88D692477DA}.Release|iPhoneSimulator.ActiveCfg = Release|Any CPU
		{47E0D9FA-8A76-4F09-A238-F88D692477DA}.Release|iPhoneSimulator.Build.0 = Release|Any CPU
		{47E0D9FA-8A76-4F09-A238-F88D692477DA}.Release|Mixed Platforms.ActiveCfg = Release|x86
		{47E0D9FA-8A76-4F09-A238-F88D692477DA}.Release|Mixed Platforms.Build.0 = Release|x86
		{47E0D9FA-8A76-4F09-A238-F88D692477DA}.Release|x64.ActiveCfg = Release|Any CPU
		{47E0D9FA-8A76-4F09-A238-F88D692477DA}.Release|x86.ActiveCfg = Release|x86
		{47E0D9FA-8A76-4F09-A238-F88D692477DA}.Release|x86.Build.0 = Release|x86
		{FCF19725-8C2F-44C5-AA52-513EE32469E2}.Ad-Hoc|Any CPU.ActiveCfg = Release|Any CPU
		{FCF19725-8C2F-44C5-AA52-513EE32469E2}.Ad-Hoc|Any CPU.Build.0 = Release|Any CPU
		{FCF19725-8C2F-44C5-AA52-513EE32469E2}.Ad-Hoc|ARM.ActiveCfg = Release|Any CPU
		{FCF19725-8C2F-44C5-AA52-513EE32469E2}.Ad-Hoc|iPhone.ActiveCfg = Release|Any CPU
		{FCF19725-8C2F-44C5-AA52-513EE32469E2}.Ad-Hoc|iPhoneSimulator.ActiveCfg = Release|Any CPU
		{FCF19725-8C2F-44C5-AA52-513EE32469E2}.Ad-Hoc|Mixed Platforms.ActiveCfg = Release|Any CPU
		{FCF19725-8C2F-44C5-AA52-513EE32469E2}.Ad-Hoc|Mixed Platforms.Build.0 = Release|Any CPU
		{FCF19725-8C2F-44C5-AA52-513EE32469E2}.Ad-Hoc|x64.ActiveCfg = Release|Any CPU
		{FCF19725-8C2F-44C5-AA52-513EE32469E2}.Ad-Hoc|x86.ActiveCfg = Release|Any CPU
		{FCF19725-8C2F-44C5-AA52-513EE32469E2}.AppStore|Any CPU.ActiveCfg = Release|Any CPU
		{FCF19725-8C2F-44C5-AA52-513EE32469E2}.AppStore|Any CPU.Build.0 = Release|Any CPU
		{FCF19725-8C2F-44C5-AA52-513EE32469E2}.AppStore|ARM.ActiveCfg = Release|Any CPU
		{FCF19725-8C2F-44C5-AA52-513EE32469E2}.AppStore|iPhone.ActiveCfg = Release|Any CPU
		{FCF19725-8C2F-44C5-AA52-513EE32469E2}.AppStore|iPhoneSimulator.ActiveCfg = Release|Any CPU
		{FCF19725-8C2F-44C5-AA52-513EE32469E2}.AppStore|Mixed Platforms.ActiveCfg = Release|Any CPU
		{FCF19725-8C2F-44C5-AA52-513EE32469E2}.AppStore|Mixed Platforms.Build.0 = Release|Any CPU
		{FCF19725-8C2F-44C5-AA52-513EE32469E2}.AppStore|x64.ActiveCfg = Release|Any CPU
		{FCF19725-8C2F-44C5-AA52-513EE32469E2}.AppStore|x86.ActiveCfg = Release|Any CPU
		{FCF19725-8C2F-44C5-AA52-513EE32469E2}.Debug|Any CPU.ActiveCfg = Debug|Any CPU
		{FCF19725-8C2F-44C5-AA52-513EE32469E2}.Debug|Any CPU.Build.0 = Debug|Any CPU
		{FCF19725-8C2F-44C5-AA52-513EE32469E2}.Debug|ARM.ActiveCfg = Debug|Any CPU
		{FCF19725-8C2F-44C5-AA52-513EE32469E2}.Debug|iPhone.ActiveCfg = Debug|Any CPU
		{FCF19725-8C2F-44C5-AA52-513EE32469E2}.Debug|iPhone.Build.0 = Debug|Any CPU
		{FCF19725-8C2F-44C5-AA52-513EE32469E2}.Debug|iPhoneSimulator.ActiveCfg = Debug|Any CPU
		{FCF19725-8C2F-44C5-AA52-513EE32469E2}.Debug|Mixed Platforms.ActiveCfg = Debug|Any CPU
		{FCF19725-8C2F-44C5-AA52-513EE32469E2}.Debug|Mixed Platforms.Build.0 = Debug|Any CPU
		{FCF19725-8C2F-44C5-AA52-513EE32469E2}.Debug|x64.ActiveCfg = Debug|Any CPU
		{FCF19725-8C2F-44C5-AA52-513EE32469E2}.Debug|x86.ActiveCfg = Debug|Any CPU
		{FCF19725-8C2F-44C5-AA52-513EE32469E2}.Release|Any CPU.ActiveCfg = Release|Any CPU
		{FCF19725-8C2F-44C5-AA52-513EE32469E2}.Release|Any CPU.Build.0 = Release|Any CPU
		{FCF19725-8C2F-44C5-AA52-513EE32469E2}.Release|ARM.ActiveCfg = Release|Any CPU
		{FCF19725-8C2F-44C5-AA52-513EE32469E2}.Release|iPhone.ActiveCfg = Release|Any CPU
		{FCF19725-8C2F-44C5-AA52-513EE32469E2}.Release|iPhoneSimulator.ActiveCfg = Release|Any CPU
		{FCF19725-8C2F-44C5-AA52-513EE32469E2}.Release|iPhoneSimulator.Build.0 = Release|Any CPU
		{FCF19725-8C2F-44C5-AA52-513EE32469E2}.Release|Mixed Platforms.ActiveCfg = Release|Any CPU
		{FCF19725-8C2F-44C5-AA52-513EE32469E2}.Release|Mixed Platforms.Build.0 = Release|Any CPU
		{FCF19725-8C2F-44C5-AA52-513EE32469E2}.Release|x64.ActiveCfg = Release|Any CPU
		{FCF19725-8C2F-44C5-AA52-513EE32469E2}.Release|x86.ActiveCfg = Release|Any CPU
		{C1B59CE7-B44B-4F31-B671-02E685ED036F}.Ad-Hoc|Any CPU.ActiveCfg = Release|Any CPU
		{C1B59CE7-B44B-4F31-B671-02E685ED036F}.Ad-Hoc|Any CPU.Build.0 = Release|Any CPU
		{C1B59CE7-B44B-4F31-B671-02E685ED036F}.Ad-Hoc|ARM.ActiveCfg = Release|ARM
		{C1B59CE7-B44B-4F31-B671-02E685ED036F}.Ad-Hoc|ARM.Build.0 = Release|ARM
		{C1B59CE7-B44B-4F31-B671-02E685ED036F}.Ad-Hoc|iPhone.ActiveCfg = Release|Any CPU
		{C1B59CE7-B44B-4F31-B671-02E685ED036F}.Ad-Hoc|iPhone.Build.0 = Release|Any CPU
		{C1B59CE7-B44B-4F31-B671-02E685ED036F}.Ad-Hoc|iPhoneSimulator.ActiveCfg = Release|Any CPU
		{C1B59CE7-B44B-4F31-B671-02E685ED036F}.Ad-Hoc|iPhoneSimulator.Build.0 = Release|Any CPU
		{C1B59CE7-B44B-4F31-B671-02E685ED036F}.Ad-Hoc|Mixed Platforms.ActiveCfg = Release|x86
		{C1B59CE7-B44B-4F31-B671-02E685ED036F}.Ad-Hoc|Mixed Platforms.Build.0 = Release|x86
		{C1B59CE7-B44B-4F31-B671-02E685ED036F}.Ad-Hoc|x64.ActiveCfg = Release|x64
		{C1B59CE7-B44B-4F31-B671-02E685ED036F}.Ad-Hoc|x64.Build.0 = Release|x64
		{C1B59CE7-B44B-4F31-B671-02E685ED036F}.Ad-Hoc|x86.ActiveCfg = Release|x86
		{C1B59CE7-B44B-4F31-B671-02E685ED036F}.Ad-Hoc|x86.Build.0 = Release|x86
		{C1B59CE7-B44B-4F31-B671-02E685ED036F}.AppStore|Any CPU.ActiveCfg = Release|Any CPU
		{C1B59CE7-B44B-4F31-B671-02E685ED036F}.AppStore|Any CPU.Build.0 = Release|Any CPU
		{C1B59CE7-B44B-4F31-B671-02E685ED036F}.AppStore|ARM.ActiveCfg = Release|ARM
		{C1B59CE7-B44B-4F31-B671-02E685ED036F}.AppStore|ARM.Build.0 = Release|ARM
		{C1B59CE7-B44B-4F31-B671-02E685ED036F}.AppStore|iPhone.ActiveCfg = Release|Any CPU
		{C1B59CE7-B44B-4F31-B671-02E685ED036F}.AppStore|iPhone.Build.0 = Release|Any CPU
		{C1B59CE7-B44B-4F31-B671-02E685ED036F}.AppStore|iPhoneSimulator.ActiveCfg = Release|Any CPU
		{C1B59CE7-B44B-4F31-B671-02E685ED036F}.AppStore|iPhoneSimulator.Build.0 = Release|Any CPU
		{C1B59CE7-B44B-4F31-B671-02E685ED036F}.AppStore|Mixed Platforms.ActiveCfg = Release|x86
		{C1B59CE7-B44B-4F31-B671-02E685ED036F}.AppStore|Mixed Platforms.Build.0 = Release|x86
		{C1B59CE7-B44B-4F31-B671-02E685ED036F}.AppStore|x64.ActiveCfg = Release|x64
		{C1B59CE7-B44B-4F31-B671-02E685ED036F}.AppStore|x64.Build.0 = Release|x64
		{C1B59CE7-B44B-4F31-B671-02E685ED036F}.AppStore|x86.ActiveCfg = Release|x86
		{C1B59CE7-B44B-4F31-B671-02E685ED036F}.AppStore|x86.Build.0 = Release|x86
		{C1B59CE7-B44B-4F31-B671-02E685ED036F}.Debug|Any CPU.ActiveCfg = Debug|Any CPU
		{C1B59CE7-B44B-4F31-B671-02E685ED036F}.Debug|Any CPU.Build.0 = Debug|Any CPU
		{C1B59CE7-B44B-4F31-B671-02E685ED036F}.Debug|ARM.ActiveCfg = Debug|ARM
		{C1B59CE7-B44B-4F31-B671-02E685ED036F}.Debug|ARM.Build.0 = Debug|ARM
		{C1B59CE7-B44B-4F31-B671-02E685ED036F}.Debug|iPhone.ActiveCfg = Debug|Any CPU
		{C1B59CE7-B44B-4F31-B671-02E685ED036F}.Debug|iPhone.Build.0 = Debug|Any CPU
		{C1B59CE7-B44B-4F31-B671-02E685ED036F}.Debug|iPhoneSimulator.ActiveCfg = Debug|Any CPU
		{C1B59CE7-B44B-4F31-B671-02E685ED036F}.Debug|iPhoneSimulator.Build.0 = Debug|Any CPU
		{C1B59CE7-B44B-4F31-B671-02E685ED036F}.Debug|Mixed Platforms.ActiveCfg = Debug|x86
		{C1B59CE7-B44B-4F31-B671-02E685ED036F}.Debug|Mixed Platforms.Build.0 = Debug|x86
		{C1B59CE7-B44B-4F31-B671-02E685ED036F}.Debug|x64.ActiveCfg = Debug|x64
		{C1B59CE7-B44B-4F31-B671-02E685ED036F}.Debug|x64.Build.0 = Debug|x64
		{C1B59CE7-B44B-4F31-B671-02E685ED036F}.Debug|x86.ActiveCfg = Debug|x86
		{C1B59CE7-B44B-4F31-B671-02E685ED036F}.Debug|x86.Build.0 = Debug|x86
		{C1B59CE7-B44B-4F31-B671-02E685ED036F}.Release|Any CPU.ActiveCfg = Release|Any CPU
		{C1B59CE7-B44B-4F31-B671-02E685ED036F}.Release|Any CPU.Build.0 = Release|Any CPU
		{C1B59CE7-B44B-4F31-B671-02E685ED036F}.Release|ARM.ActiveCfg = Release|ARM
		{C1B59CE7-B44B-4F31-B671-02E685ED036F}.Release|ARM.Build.0 = Release|ARM
		{C1B59CE7-B44B-4F31-B671-02E685ED036F}.Release|iPhone.ActiveCfg = Release|Any CPU
		{C1B59CE7-B44B-4F31-B671-02E685ED036F}.Release|iPhone.Build.0 = Release|Any CPU
		{C1B59CE7-B44B-4F31-B671-02E685ED036F}.Release|iPhoneSimulator.ActiveCfg = Release|Any CPU
		{C1B59CE7-B44B-4F31-B671-02E685ED036F}.Release|iPhoneSimulator.Build.0 = Release|Any CPU
		{C1B59CE7-B44B-4F31-B671-02E685ED036F}.Release|Mixed Platforms.ActiveCfg = Release|x86
		{C1B59CE7-B44B-4F31-B671-02E685ED036F}.Release|Mixed Platforms.Build.0 = Release|x86
		{C1B59CE7-B44B-4F31-B671-02E685ED036F}.Release|x64.ActiveCfg = Release|x64
		{C1B59CE7-B44B-4F31-B671-02E685ED036F}.Release|x64.Build.0 = Release|x64
		{C1B59CE7-B44B-4F31-B671-02E685ED036F}.Release|x86.ActiveCfg = Release|x86
		{C1B59CE7-B44B-4F31-B671-02E685ED036F}.Release|x86.Build.0 = Release|x86
		{52E1406B-0FEA-4EA8-BE48-888BCC0884C7}.Ad-Hoc|Any CPU.ActiveCfg = Release|Any CPU
		{52E1406B-0FEA-4EA8-BE48-888BCC0884C7}.Ad-Hoc|Any CPU.Build.0 = Release|Any CPU
		{52E1406B-0FEA-4EA8-BE48-888BCC0884C7}.Ad-Hoc|ARM.ActiveCfg = Release|Any CPU
		{52E1406B-0FEA-4EA8-BE48-888BCC0884C7}.Ad-Hoc|ARM.Build.0 = Release|Any CPU
		{52E1406B-0FEA-4EA8-BE48-888BCC0884C7}.Ad-Hoc|iPhone.ActiveCfg = Release|Any CPU
		{52E1406B-0FEA-4EA8-BE48-888BCC0884C7}.Ad-Hoc|iPhone.Build.0 = Release|Any CPU
		{52E1406B-0FEA-4EA8-BE48-888BCC0884C7}.Ad-Hoc|iPhoneSimulator.ActiveCfg = Release|Any CPU
		{52E1406B-0FEA-4EA8-BE48-888BCC0884C7}.Ad-Hoc|iPhoneSimulator.Build.0 = Release|Any CPU
		{52E1406B-0FEA-4EA8-BE48-888BCC0884C7}.Ad-Hoc|Mixed Platforms.ActiveCfg = Release|Any CPU
		{52E1406B-0FEA-4EA8-BE48-888BCC0884C7}.Ad-Hoc|Mixed Platforms.Build.0 = Release|Any CPU
		{52E1406B-0FEA-4EA8-BE48-888BCC0884C7}.Ad-Hoc|x64.ActiveCfg = Release|Any CPU
		{52E1406B-0FEA-4EA8-BE48-888BCC0884C7}.Ad-Hoc|x64.Build.0 = Release|Any CPU
		{52E1406B-0FEA-4EA8-BE48-888BCC0884C7}.Ad-Hoc|x86.ActiveCfg = Release|Any CPU
		{52E1406B-0FEA-4EA8-BE48-888BCC0884C7}.Ad-Hoc|x86.Build.0 = Release|Any CPU
		{52E1406B-0FEA-4EA8-BE48-888BCC0884C7}.AppStore|Any CPU.ActiveCfg = Release|Any CPU
		{52E1406B-0FEA-4EA8-BE48-888BCC0884C7}.AppStore|Any CPU.Build.0 = Release|Any CPU
		{52E1406B-0FEA-4EA8-BE48-888BCC0884C7}.AppStore|ARM.ActiveCfg = Release|Any CPU
		{52E1406B-0FEA-4EA8-BE48-888BCC0884C7}.AppStore|ARM.Build.0 = Release|Any CPU
		{52E1406B-0FEA-4EA8-BE48-888BCC0884C7}.AppStore|iPhone.ActiveCfg = Release|Any CPU
		{52E1406B-0FEA-4EA8-BE48-888BCC0884C7}.AppStore|iPhone.Build.0 = Release|Any CPU
		{52E1406B-0FEA-4EA8-BE48-888BCC0884C7}.AppStore|iPhoneSimulator.ActiveCfg = Release|Any CPU
		{52E1406B-0FEA-4EA8-BE48-888BCC0884C7}.AppStore|iPhoneSimulator.Build.0 = Release|Any CPU
		{52E1406B-0FEA-4EA8-BE48-888BCC0884C7}.AppStore|Mixed Platforms.ActiveCfg = Release|Any CPU
		{52E1406B-0FEA-4EA8-BE48-888BCC0884C7}.AppStore|Mixed Platforms.Build.0 = Release|Any CPU
		{52E1406B-0FEA-4EA8-BE48-888BCC0884C7}.AppStore|x64.ActiveCfg = Release|Any CPU
		{52E1406B-0FEA-4EA8-BE48-888BCC0884C7}.AppStore|x64.Build.0 = Release|Any CPU
		{52E1406B-0FEA-4EA8-BE48-888BCC0884C7}.AppStore|x86.ActiveCfg = Release|Any CPU
		{52E1406B-0FEA-4EA8-BE48-888BCC0884C7}.AppStore|x86.Build.0 = Release|Any CPU
		{52E1406B-0FEA-4EA8-BE48-888BCC0884C7}.Debug|Any CPU.ActiveCfg = Debug|Any CPU
		{52E1406B-0FEA-4EA8-BE48-888BCC0884C7}.Debug|Any CPU.Build.0 = Debug|Any CPU
		{52E1406B-0FEA-4EA8-BE48-888BCC0884C7}.Debug|ARM.ActiveCfg = Debug|Any CPU
		{52E1406B-0FEA-4EA8-BE48-888BCC0884C7}.Debug|ARM.Build.0 = Debug|Any CPU
		{52E1406B-0FEA-4EA8-BE48-888BCC0884C7}.Debug|iPhone.ActiveCfg = Debug|Any CPU
		{52E1406B-0FEA-4EA8-BE48-888BCC0884C7}.Debug|iPhone.Build.0 = Debug|Any CPU
		{52E1406B-0FEA-4EA8-BE48-888BCC0884C7}.Debug|iPhoneSimulator.ActiveCfg = Debug|Any CPU
		{52E1406B-0FEA-4EA8-BE48-888BCC0884C7}.Debug|iPhoneSimulator.Build.0 = Debug|Any CPU
		{52E1406B-0FEA-4EA8-BE48-888BCC0884C7}.Debug|Mixed Platforms.ActiveCfg = Debug|Any CPU
		{52E1406B-0FEA-4EA8-BE48-888BCC0884C7}.Debug|Mixed Platforms.Build.0 = Debug|Any CPU
		{52E1406B-0FEA-4EA8-BE48-888BCC0884C7}.Debug|x64.ActiveCfg = Debug|Any CPU
		{52E1406B-0FEA-4EA8-BE48-888BCC0884C7}.Debug|x64.Build.0 = Debug|Any CPU
		{52E1406B-0FEA-4EA8-BE48-888BCC0884C7}.Debug|x86.ActiveCfg = Debug|Any CPU
		{52E1406B-0FEA-4EA8-BE48-888BCC0884C7}.Debug|x86.Build.0 = Debug|Any CPU
		{52E1406B-0FEA-4EA8-BE48-888BCC0884C7}.Release|Any CPU.ActiveCfg = Release|Any CPU
		{52E1406B-0FEA-4EA8-BE48-888BCC0884C7}.Release|Any CPU.Build.0 = Release|Any CPU
		{52E1406B-0FEA-4EA8-BE48-888BCC0884C7}.Release|ARM.ActiveCfg = Release|Any CPU
		{52E1406B-0FEA-4EA8-BE48-888BCC0884C7}.Release|ARM.Build.0 = Release|Any CPU
		{52E1406B-0FEA-4EA8-BE48-888BCC0884C7}.Release|iPhone.ActiveCfg = Release|Any CPU
		{52E1406B-0FEA-4EA8-BE48-888BCC0884C7}.Release|iPhone.Build.0 = Release|Any CPU
		{52E1406B-0FEA-4EA8-BE48-888BCC0884C7}.Release|iPhoneSimulator.ActiveCfg = Release|Any CPU
		{52E1406B-0FEA-4EA8-BE48-888BCC0884C7}.Release|iPhoneSimulator.Build.0 = Release|Any CPU
		{52E1406B-0FEA-4EA8-BE48-888BCC0884C7}.Release|Mixed Platforms.ActiveCfg = Release|Any CPU
		{52E1406B-0FEA-4EA8-BE48-888BCC0884C7}.Release|Mixed Platforms.Build.0 = Release|Any CPU
		{52E1406B-0FEA-4EA8-BE48-888BCC0884C7}.Release|x64.ActiveCfg = Release|Any CPU
		{52E1406B-0FEA-4EA8-BE48-888BCC0884C7}.Release|x64.Build.0 = Release|Any CPU
		{52E1406B-0FEA-4EA8-BE48-888BCC0884C7}.Release|x86.ActiveCfg = Release|Any CPU
		{52E1406B-0FEA-4EA8-BE48-888BCC0884C7}.Release|x86.Build.0 = Release|Any CPU
		{C9E2506E-7CC0-43B8-BCED-93C2F69920D1}.Ad-Hoc|Any CPU.ActiveCfg = Release|Any CPU
		{C9E2506E-7CC0-43B8-BCED-93C2F69920D1}.Ad-Hoc|Any CPU.Build.0 = Release|Any CPU
		{C9E2506E-7CC0-43B8-BCED-93C2F69920D1}.Ad-Hoc|ARM.ActiveCfg = Release|Any CPU
		{C9E2506E-7CC0-43B8-BCED-93C2F69920D1}.Ad-Hoc|ARM.Build.0 = Release|Any CPU
		{C9E2506E-7CC0-43B8-BCED-93C2F69920D1}.Ad-Hoc|iPhone.ActiveCfg = Release|Any CPU
		{C9E2506E-7CC0-43B8-BCED-93C2F69920D1}.Ad-Hoc|iPhone.Build.0 = Release|Any CPU
		{C9E2506E-7CC0-43B8-BCED-93C2F69920D1}.Ad-Hoc|iPhoneSimulator.ActiveCfg = Release|Any CPU
		{C9E2506E-7CC0-43B8-BCED-93C2F69920D1}.Ad-Hoc|iPhoneSimulator.Build.0 = Release|Any CPU
		{C9E2506E-7CC0-43B8-BCED-93C2F69920D1}.Ad-Hoc|Mixed Platforms.ActiveCfg = Release|Any CPU
		{C9E2506E-7CC0-43B8-BCED-93C2F69920D1}.Ad-Hoc|Mixed Platforms.Build.0 = Release|Any CPU
		{C9E2506E-7CC0-43B8-BCED-93C2F69920D1}.Ad-Hoc|x64.ActiveCfg = Release|Any CPU
		{C9E2506E-7CC0-43B8-BCED-93C2F69920D1}.Ad-Hoc|x64.Build.0 = Release|Any CPU
		{C9E2506E-7CC0-43B8-BCED-93C2F69920D1}.Ad-Hoc|x86.ActiveCfg = Release|Any CPU
		{C9E2506E-7CC0-43B8-BCED-93C2F69920D1}.Ad-Hoc|x86.Build.0 = Release|Any CPU
		{C9E2506E-7CC0-43B8-BCED-93C2F69920D1}.AppStore|Any CPU.ActiveCfg = Release|Any CPU
		{C9E2506E-7CC0-43B8-BCED-93C2F69920D1}.AppStore|Any CPU.Build.0 = Release|Any CPU
		{C9E2506E-7CC0-43B8-BCED-93C2F69920D1}.AppStore|ARM.ActiveCfg = Release|Any CPU
		{C9E2506E-7CC0-43B8-BCED-93C2F69920D1}.AppStore|ARM.Build.0 = Release|Any CPU
		{C9E2506E-7CC0-43B8-BCED-93C2F69920D1}.AppStore|iPhone.ActiveCfg = Release|Any CPU
		{C9E2506E-7CC0-43B8-BCED-93C2F69920D1}.AppStore|iPhone.Build.0 = Release|Any CPU
		{C9E2506E-7CC0-43B8-BCED-93C2F69920D1}.AppStore|iPhoneSimulator.ActiveCfg = Release|Any CPU
		{C9E2506E-7CC0-43B8-BCED-93C2F69920D1}.AppStore|iPhoneSimulator.Build.0 = Release|Any CPU
		{C9E2506E-7CC0-43B8-BCED-93C2F69920D1}.AppStore|Mixed Platforms.ActiveCfg = Release|Any CPU
		{C9E2506E-7CC0-43B8-BCED-93C2F69920D1}.AppStore|Mixed Platforms.Build.0 = Release|Any CPU
		{C9E2506E-7CC0-43B8-BCED-93C2F69920D1}.AppStore|x64.ActiveCfg = Release|Any CPU
		{C9E2506E-7CC0-43B8-BCED-93C2F69920D1}.AppStore|x64.Build.0 = Release|Any CPU
		{C9E2506E-7CC0-43B8-BCED-93C2F69920D1}.AppStore|x86.ActiveCfg = Release|Any CPU
		{C9E2506E-7CC0-43B8-BCED-93C2F69920D1}.AppStore|x86.Build.0 = Release|Any CPU
		{C9E2506E-7CC0-43B8-BCED-93C2F69920D1}.Debug|Any CPU.ActiveCfg = Debug|Any CPU
		{C9E2506E-7CC0-43B8-BCED-93C2F69920D1}.Debug|Any CPU.Build.0 = Debug|Any CPU
		{C9E2506E-7CC0-43B8-BCED-93C2F69920D1}.Debug|ARM.ActiveCfg = Debug|Any CPU
		{C9E2506E-7CC0-43B8-BCED-93C2F69920D1}.Debug|ARM.Build.0 = Debug|Any CPU
		{C9E2506E-7CC0-43B8-BCED-93C2F69920D1}.Debug|iPhone.ActiveCfg = Debug|Any CPU
		{C9E2506E-7CC0-43B8-BCED-93C2F69920D1}.Debug|iPhone.Build.0 = Debug|Any CPU
		{C9E2506E-7CC0-43B8-BCED-93C2F69920D1}.Debug|iPhoneSimulator.ActiveCfg = Debug|Any CPU
		{C9E2506E-7CC0-43B8-BCED-93C2F69920D1}.Debug|iPhoneSimulator.Build.0 = Debug|Any CPU
		{C9E2506E-7CC0-43B8-BCED-93C2F69920D1}.Debug|Mixed Platforms.ActiveCfg = Debug|Any CPU
		{C9E2506E-7CC0-43B8-BCED-93C2F69920D1}.Debug|Mixed Platforms.Build.0 = Debug|Any CPU
		{C9E2506E-7CC0-43B8-BCED-93C2F69920D1}.Debug|x64.ActiveCfg = Debug|Any CPU
		{C9E2506E-7CC0-43B8-BCED-93C2F69920D1}.Debug|x64.Build.0 = Debug|Any CPU
		{C9E2506E-7CC0-43B8-BCED-93C2F69920D1}.Debug|x86.ActiveCfg = Debug|Any CPU
		{C9E2506E-7CC0-43B8-BCED-93C2F69920D1}.Debug|x86.Build.0 = Debug|Any CPU
		{C9E2506E-7CC0-43B8-BCED-93C2F69920D1}.Release|Any CPU.ActiveCfg = Release|Any CPU
		{C9E2506E-7CC0-43B8-BCED-93C2F69920D1}.Release|Any CPU.Build.0 = Release|Any CPU
		{C9E2506E-7CC0-43B8-BCED-93C2F69920D1}.Release|ARM.ActiveCfg = Release|Any CPU
		{C9E2506E-7CC0-43B8-BCED-93C2F69920D1}.Release|ARM.Build.0 = Release|Any CPU
		{C9E2506E-7CC0-43B8-BCED-93C2F69920D1}.Release|iPhone.ActiveCfg = Release|Any CPU
		{C9E2506E-7CC0-43B8-BCED-93C2F69920D1}.Release|iPhone.Build.0 = Release|Any CPU
		{C9E2506E-7CC0-43B8-BCED-93C2F69920D1}.Release|iPhoneSimulator.ActiveCfg = Release|Any CPU
		{C9E2506E-7CC0-43B8-BCED-93C2F69920D1}.Release|iPhoneSimulator.Build.0 = Release|Any CPU
		{C9E2506E-7CC0-43B8-BCED-93C2F69920D1}.Release|Mixed Platforms.ActiveCfg = Release|Any CPU
		{C9E2506E-7CC0-43B8-BCED-93C2F69920D1}.Release|Mixed Platforms.Build.0 = Release|Any CPU
		{C9E2506E-7CC0-43B8-BCED-93C2F69920D1}.Release|x64.ActiveCfg = Release|Any CPU
		{C9E2506E-7CC0-43B8-BCED-93C2F69920D1}.Release|x64.Build.0 = Release|Any CPU
		{C9E2506E-7CC0-43B8-BCED-93C2F69920D1}.Release|x86.ActiveCfg = Release|Any CPU
		{C9E2506E-7CC0-43B8-BCED-93C2F69920D1}.Release|x86.Build.0 = Release|Any CPU
		{223822C3-BF89-4D3E-9B4B-832673BD7E3E}.Ad-Hoc|Any CPU.ActiveCfg = Release|Any CPU
		{223822C3-BF89-4D3E-9B4B-832673BD7E3E}.Ad-Hoc|Any CPU.Build.0 = Release|Any CPU
		{223822C3-BF89-4D3E-9B4B-832673BD7E3E}.Ad-Hoc|ARM.ActiveCfg = Release|Any CPU
		{223822C3-BF89-4D3E-9B4B-832673BD7E3E}.Ad-Hoc|ARM.Build.0 = Release|Any CPU
		{223822C3-BF89-4D3E-9B4B-832673BD7E3E}.Ad-Hoc|iPhone.ActiveCfg = Release|Any CPU
		{223822C3-BF89-4D3E-9B4B-832673BD7E3E}.Ad-Hoc|iPhone.Build.0 = Release|Any CPU
		{223822C3-BF89-4D3E-9B4B-832673BD7E3E}.Ad-Hoc|iPhoneSimulator.ActiveCfg = Release|Any CPU
		{223822C3-BF89-4D3E-9B4B-832673BD7E3E}.Ad-Hoc|iPhoneSimulator.Build.0 = Release|Any CPU
		{223822C3-BF89-4D3E-9B4B-832673BD7E3E}.Ad-Hoc|Mixed Platforms.ActiveCfg = Release|Any CPU
		{223822C3-BF89-4D3E-9B4B-832673BD7E3E}.Ad-Hoc|Mixed Platforms.Build.0 = Release|Any CPU
		{223822C3-BF89-4D3E-9B4B-832673BD7E3E}.Ad-Hoc|x64.ActiveCfg = Release|Any CPU
		{223822C3-BF89-4D3E-9B4B-832673BD7E3E}.Ad-Hoc|x64.Build.0 = Release|Any CPU
		{223822C3-BF89-4D3E-9B4B-832673BD7E3E}.Ad-Hoc|x86.ActiveCfg = Release|Any CPU
		{223822C3-BF89-4D3E-9B4B-832673BD7E3E}.Ad-Hoc|x86.Build.0 = Release|Any CPU
		{223822C3-BF89-4D3E-9B4B-832673BD7E3E}.AppStore|Any CPU.ActiveCfg = Release|Any CPU
		{223822C3-BF89-4D3E-9B4B-832673BD7E3E}.AppStore|Any CPU.Build.0 = Release|Any CPU
		{223822C3-BF89-4D3E-9B4B-832673BD7E3E}.AppStore|ARM.ActiveCfg = Release|Any CPU
		{223822C3-BF89-4D3E-9B4B-832673BD7E3E}.AppStore|ARM.Build.0 = Release|Any CPU
		{223822C3-BF89-4D3E-9B4B-832673BD7E3E}.AppStore|iPhone.ActiveCfg = Release|Any CPU
		{223822C3-BF89-4D3E-9B4B-832673BD7E3E}.AppStore|iPhone.Build.0 = Release|Any CPU
		{223822C3-BF89-4D3E-9B4B-832673BD7E3E}.AppStore|iPhoneSimulator.ActiveCfg = Release|Any CPU
		{223822C3-BF89-4D3E-9B4B-832673BD7E3E}.AppStore|iPhoneSimulator.Build.0 = Release|Any CPU
		{223822C3-BF89-4D3E-9B4B-832673BD7E3E}.AppStore|Mixed Platforms.ActiveCfg = Release|Any CPU
		{223822C3-BF89-4D3E-9B4B-832673BD7E3E}.AppStore|Mixed Platforms.Build.0 = Release|Any CPU
		{223822C3-BF89-4D3E-9B4B-832673BD7E3E}.AppStore|x64.ActiveCfg = Release|Any CPU
		{223822C3-BF89-4D3E-9B4B-832673BD7E3E}.AppStore|x64.Build.0 = Release|Any CPU
		{223822C3-BF89-4D3E-9B4B-832673BD7E3E}.AppStore|x86.ActiveCfg = Release|Any CPU
		{223822C3-BF89-4D3E-9B4B-832673BD7E3E}.AppStore|x86.Build.0 = Release|Any CPU
		{223822C3-BF89-4D3E-9B4B-832673BD7E3E}.Debug|Any CPU.ActiveCfg = Debug|Any CPU
		{223822C3-BF89-4D3E-9B4B-832673BD7E3E}.Debug|Any CPU.Build.0 = Debug|Any CPU
		{223822C3-BF89-4D3E-9B4B-832673BD7E3E}.Debug|ARM.ActiveCfg = Debug|Any CPU
		{223822C3-BF89-4D3E-9B4B-832673BD7E3E}.Debug|ARM.Build.0 = Debug|Any CPU
		{223822C3-BF89-4D3E-9B4B-832673BD7E3E}.Debug|iPhone.ActiveCfg = Debug|Any CPU
		{223822C3-BF89-4D3E-9B4B-832673BD7E3E}.Debug|iPhone.Build.0 = Debug|Any CPU
		{223822C3-BF89-4D3E-9B4B-832673BD7E3E}.Debug|iPhoneSimulator.ActiveCfg = Debug|Any CPU
		{223822C3-BF89-4D3E-9B4B-832673BD7E3E}.Debug|iPhoneSimulator.Build.0 = Debug|Any CPU
		{223822C3-BF89-4D3E-9B4B-832673BD7E3E}.Debug|Mixed Platforms.ActiveCfg = Debug|Any CPU
		{223822C3-BF89-4D3E-9B4B-832673BD7E3E}.Debug|Mixed Platforms.Build.0 = Debug|Any CPU
		{223822C3-BF89-4D3E-9B4B-832673BD7E3E}.Debug|x64.ActiveCfg = Debug|Any CPU
		{223822C3-BF89-4D3E-9B4B-832673BD7E3E}.Debug|x64.Build.0 = Debug|Any CPU
		{223822C3-BF89-4D3E-9B4B-832673BD7E3E}.Debug|x86.ActiveCfg = Debug|Any CPU
		{223822C3-BF89-4D3E-9B4B-832673BD7E3E}.Debug|x86.Build.0 = Debug|Any CPU
		{223822C3-BF89-4D3E-9B4B-832673BD7E3E}.Release|Any CPU.ActiveCfg = Release|Any CPU
		{223822C3-BF89-4D3E-9B4B-832673BD7E3E}.Release|Any CPU.Build.0 = Release|Any CPU
		{223822C3-BF89-4D3E-9B4B-832673BD7E3E}.Release|ARM.ActiveCfg = Release|Any CPU
		{223822C3-BF89-4D3E-9B4B-832673BD7E3E}.Release|ARM.Build.0 = Release|Any CPU
		{223822C3-BF89-4D3E-9B4B-832673BD7E3E}.Release|iPhone.ActiveCfg = Release|Any CPU
		{223822C3-BF89-4D3E-9B4B-832673BD7E3E}.Release|iPhone.Build.0 = Release|Any CPU
		{223822C3-BF89-4D3E-9B4B-832673BD7E3E}.Release|iPhoneSimulator.ActiveCfg = Release|Any CPU
		{223822C3-BF89-4D3E-9B4B-832673BD7E3E}.Release|iPhoneSimulator.Build.0 = Release|Any CPU
		{223822C3-BF89-4D3E-9B4B-832673BD7E3E}.Release|Mixed Platforms.ActiveCfg = Release|Any CPU
		{223822C3-BF89-4D3E-9B4B-832673BD7E3E}.Release|Mixed Platforms.Build.0 = Release|Any CPU
		{223822C3-BF89-4D3E-9B4B-832673BD7E3E}.Release|x64.ActiveCfg = Release|Any CPU
		{223822C3-BF89-4D3E-9B4B-832673BD7E3E}.Release|x64.Build.0 = Release|Any CPU
		{223822C3-BF89-4D3E-9B4B-832673BD7E3E}.Release|x86.ActiveCfg = Release|Any CPU
		{223822C3-BF89-4D3E-9B4B-832673BD7E3E}.Release|x86.Build.0 = Release|Any CPU
	EndGlobalSection
	GlobalSection(SolutionProperties) = preSolution
		HideSolutionNode = FALSE
	EndGlobalSection
	GlobalSection(MonoDevelopProperties) = preSolution
		StartupItem = Plugin.Settings\Plugin.Settings.csproj
	EndGlobalSection
EndGlobal
